
Microsoft Visual Studio Solution File, Format Version 12.00
# Visual Studio 15
VisualStudioVersion = 15.0.27004.2002
MinimumVisualStudioVersion = 10.0.40219.1
Project("{FAE04EC0-301F-11D3-BF4B-00C04F79EFBC}") = "TrompBot_Console", "TrompBot_Console\TrompBot_Console.csproj", "{197D9B20-6C4F-4713-8551-5F5EDBD93E93}"
EndProject
Global
	GlobalSection(SolutionConfigurationPlatforms) = preSolution
		Debug|Any CPU = Debug|Any CPU
		Release|Any CPU = Release|Any CPU
	EndGlobalSection
	GlobalSection(ProjectConfigurationPlatforms) = postSolution
		{197D9B20-6C4F-4713-8551-5F5EDBD93E93}.Debug|Any CPU.ActiveCfg = Debug|Any CPU
		{197D9B20-6C4F-4713-8551-5F5EDBD93E93}.Debug|Any CPU.Build.0 = Debug|Any CPU
		{197D9B20-6C4F-4713-8551-5F5EDBD93E93}.Release|Any CPU.ActiveCfg = Release|Any CPU
		{197D9B20-6C4F-4713-8551-5F5EDBD93E93}.Release|Any CPU.Build.0 = Release|Any CPU
	EndGlobalSection
	GlobalSection(SolutionProperties) = preSolution
		HideSolutionNode = FALSE
	EndGlobalSection
	GlobalSection(ExtensibilityGlobals) = postSolution
		SolutionGuid = {6CC1DF97-2D82-4298-A49A-B05900762142}
	EndGlobalSection
EndGlobal
